
Microsoft Visual Studio Solution File, Format Version 12.00
# Visual Studio Version 17
VisualStudioVersion = 17.4.33103.184
MinimumVisualStudioVersion = 10.0.40219.1
Project("{FAE04EC0-301F-11D3-BF4B-00C04F79EFBC}") = "TokenDemo", "TokenDemo\TokenDemo.csproj", "{93D8F8FE-C26E-4E0B-93F6-A3329841E952}"
EndProject
Global
	GlobalSection(SolutionConfigurationPlatforms) = preSolution
		Debug|Any CPU = Debug|Any CPU
		Release|Any CPU = Release|Any CPU
	EndGlobalSection
	GlobalSection(ProjectConfigurationPlatforms) = postSolution
		{93D8F8FE-C26E-4E0B-93F6-A3329841E952}.Debug|Any CPU.ActiveCfg = Debug|Any CPU
		{93D8F8FE-C26E-4E0B-93F6-A3329841E952}.Debug|Any CPU.Build.0 = Debug|Any CPU
		{93D8F8FE-C26E-4E0B-93F6-A3329841E952}.Release|Any CPU.ActiveCfg = Release|Any CPU
		{93D8F8FE-C26E-4E0B-93F6-A3329841E952}.Release|Any CPU.Build.0 = Release|Any CPU
	EndGlobalSection
	GlobalSection(SolutionProperties) = preSolution
		HideSolutionNode = FALSE
	EndGlobalSection
	GlobalSection(ExtensibilityGlobals) = postSolution
		SolutionGuid = {182DA8C2-7824-4D7C-B760-E172B61F41B4}
	EndGlobalSection
EndGlobal
